github.com/ikkerens/ikeapack v1.5.1 h1:1fW1eazVsY4/ZTvP14JVxzllfeeRGMBrFEbkhJpxRD0=
github.com/ikkerens/ikeapack v1.5.1/go.mod h1:LeFYIQ/VyvJZrwLoDZ46NJTiUrjjlo/4T0bRmxUS20I=
github.com/pkg/errors v0.8.1 h1:iURUrRGxPUNPdy5/HRSm+Yj6okJ6UtLINN0Q9M4+h3I=
github.com/pkg/errors v0.8.1/go.mod h1:bwawxfHBFNV+L2hUp1rHADufV3IMtnDRdf1r5NINEl0=
go.etcd.io/bbolt v1.3.3 h1:MUGmc65QhB3pIlaQ5bB4LwqSj6GIonVJXpZiaKNyaKk=
go.etcd.io/bbolt v1.3.3/go.mod h1:IbVyRI1SCnLcuJnV2u8VeU0CEYM7e686BmAb1XKL+uU=
gopkg.in/ini.v1 v1.49.0 h1:MW0aLMiezbm/Ray0gJJ+nQFE2uOC9EpK2p5zPN3NqpM=
gopkg.in/ini.v1 v1.49.0/go.mod h1:pNLf8WUiyNEtQjuu5G5vTm06TEv9tsIgeAvK8hOrP4k=
